
Microsoft Visual Studio Solution File, Format Version 12.00
# Visual Studio Version 17
VisualStudioVersion = 17.9.34728.123
MinimumVisualStudioVersion = 10.0.40219.1
Project("{FAE04EC0-301F-11D3-BF4B-00C04F79EFBC}") = "PayrollProyect", "PayrollProyect\PayrollProyect.csproj", "{D1B65C5C-315B-4CC3-B73B-0C855C0C2DDD}"
EndProject
Global
	GlobalSection(SolutionConfigurationPlatforms) = preSolution
		Debug|Any CPU = Debug|Any CPU
		Release|Any CPU = Release|Any CPU
	EndGlobalSection
	GlobalSection(ProjectConfigurationPlatforms) = postSolution
		{D1B65C5C-315B-4CC3-B73B-0C855C0C2DDD}.Debug|Any CPU.ActiveCfg = Debug|Any CPU
		{D1B65C5C-315B-4CC3-B73B-0C855C0C2DDD}.Debug|Any CPU.Build.0 = Debug|Any CPU
		{D1B65C5C-315B-4CC3-B73B-0C855C0C2DDD}.Release|Any CPU.ActiveCfg = Release|Any CPU
		{D1B65C5C-315B-4CC3-B73B-0C855C0C2DDD}.Release|Any CPU.Build.0 = Release|Any CPU
	EndGlobalSection
	GlobalSection(SolutionProperties) = preSolution
		HideSolutionNode = FALSE
	EndGlobalSection
	GlobalSection(ExtensibilityGlobals) = postSolution
		SolutionGuid = {74F9031D-05A0-44C5-A2F4-999B4D38E55C}
	EndGlobalSection
EndGlobal
